
Microsoft Visual Studio Solution File, Format Version 12.00
# Visual Studio Version 16
VisualStudioVersion = 16.0.30717.126
MinimumVisualStudioVersion = 10.0.40219.1
Project("{FAE04EC0-301F-11D3-BF4B-00C04F79EFBC}") = "GuessingGame", "GuessingGame\GuessingGame.csproj", "{B68034FC-E18A-4398-8AD0-275142CFEAAA}"
EndProject
Global
	GlobalSection(SolutionConfigurationPlatforms) = preSolution
		Debug|Any CPU = Debug|Any CPU
		Release|Any CPU = Release|Any CPU
	EndGlobalSection
	GlobalSection(ProjectConfigurationPlatforms) = postSolution
		{B68034FC-E18A-4398-8AD0-275142CFEAAA}.Debug|Any CPU.ActiveCfg = Debug|Any CPU
		{B68034FC-E18A-4398-8AD0-275142CFEAAA}.Debug|Any CPU.Build.0 = Debug|Any CPU
		{B68034FC-E18A-4398-8AD0-275142CFEAAA}.Release|Any CPU.ActiveCfg = Release|Any CPU
		{B68034FC-E18A-4398-8AD0-275142CFEAAA}.Release|Any CPU.Build.0 = Release|Any CPU
	EndGlobalSection
	GlobalSection(SolutionProperties) = preSolution
		HideSolutionNode = FALSE
	EndGlobalSection
	GlobalSection(ExtensibilityGlobals) = postSolution
		SolutionGuid = {8049A26D-2D26-403B-B4FD-F2C82D932AFD}
	EndGlobalSection
EndGlobal
